{
  "version": 1,
  "dependencies": {
    "net8.0-windows7.0": {
      "DotNet.ReproducibleBuilds": {
        "type": "Direct",
        "requested": "(, )",
        "resolved": "0.1.26",
        "contentHash": "dZG0AW8tFGaQo5y7siQt3/kAkxthXLDe3aL9Y0ycwAfyYiv5SKFfaFRMQJKQgFhMLyATuLX0uLtF35bvrQ+kDg==",
        "dependencies": {
          "Microsoft.SourceLink.AzureRepos.Git": "1.0.0",
          "Microsoft.SourceLink.Bitbucket.Git": "1.0.0",
          "Microsoft.SourceLink.GitHub": "1.0.0",
          "Microsoft.SourceLink.GitLab": "1.0.0"
        }
      },
      "KeePass": {
        "type": "Direct",
        "requested": "(, )",
        "resolved": "2.41.0.37254",
        "contentHash": "JO2bexGDddFUtCiRGekA5SP+xad7nmiGSNMyCXNdPoBFNcAQubZmGGtAkX3dWDmj3px6wazDLAx+ziPXibcEAA=="
      },
      "System.Resources.Extensions": {
        "type": "Direct",
        "requested": "(, )",
        "resolved": "4.6.0",
        "contentHash": "6aVCk8oTFZNT3Tx1jjiPi6+aipiJ3qMZYttAREKTRJidP50YvNeOn4PXrqzfA5qC23fLReq2JYp+nJwzj62HGw=="
      },
      "Microsoft.Build.Tasks.Git": {
        "type": "Transitive",
        "resolved": "1.0.0",
        "contentHash": "z2fpmmt+1Jfl+ZnBki9nSP08S1/tbEOxFdsK1rSR+LBehIJz1Xv9/6qOOoGNqlwnAGGVGis1Oj6S8Kt9COEYlQ=="
      },
      "Microsoft.SourceLink.AzureRepos.Git": {
        "type": "Transitive",
        "resolved": "1.0.0",
        "contentHash": "KqaJ7iLXKDwBZn0HiT/gdyElvq0Tf96iHEUSdeT9mFf5bfF7XjVrLLoSVYc9cB2MZ+EY1YTfqkBqbkM4qcqWLA==",
        "dependencies": {
          "Microsoft.Build.Tasks.Git": "1.0.0",
          "Microsoft.SourceLink.Common": "1.0.0"
        }
      },
      "Microsoft.SourceLink.Bitbucket.Git": {
        "type": "Transitive",
        "resolved": "1.0.0",
        "contentHash": "V3mISChctXdaVmhNKnvKEmVPte1Nsc/q+RGs6KE4iP6osnyzjPVS2BXLynnqlJm7OXbp0ZhvUgAMMYQjSFQD/Q==",
        "dependencies": {
          "Microsoft.Build.Tasks.Git": "1.0.0",
          "Microsoft.SourceLink.Common": "1.0.0"
        }
      },
      "Microsoft.SourceLink.Common": {
        "type": "Transitive",
        "resolved": "1.0.0",
        "contentHash": "G8DuQY8/DK5NN+3jm5wcMcd9QYD90UV7MiLmdljSJixi3U/vNaeBKmmXUqI4DJCOeWizIUEh4ALhSt58mR+5eg=="
      },
      "Microsoft.SourceLink.GitHub": {
        "type": "Transitive",
        "resolved": "1.0.0",
        "contentHash": "aZyGyGg2nFSxix+xMkPmlmZSsnGQ3w+mIG23LTxJZHN+GPwTQ5FpPgDo7RMOq+Kcf5D4hFWfXkGhoGstawX13Q==",
        "dependencies": {
          "Microsoft.Build.Tasks.Git": "1.0.0",
          "Microsoft.SourceLink.Common": "1.0.0"
        }
      },
      "Microsoft.SourceLink.GitLab": {
        "type": "Transitive",
        "resolved": "1.0.0",
        "contentHash": "0KpcS/YahCaOMKpxxPQh8VwtHzSSJi2MAeBvFeiNAMIx9nIDB4X8bItWEWRmhTUhWAzHlcomLpx3EsXD+slEMw==",
        "dependencies": {
          "Microsoft.Build.Tasks.Git": "1.0.0",
          "Microsoft.SourceLink.Common": "1.0.0"
        }
      }
    }
  }
}